lockfile_version: '1'
generated_at: '2026-07-04T09:51:46.384925+00:00'
apm_version: 0.18.0
dependencies:
- repo_url: MicrosoftDocs/mcp
  host: github.com
  resolved_commit: caa3d670bf2814171dba4f7346ece5080964021e
  package_type: marketplace_plugin
  deployed_files:
  - .agents/skills/microsoft-code-reference
  - .agents/skills/microsoft-docs
  - .agents/skills/microsoft-skill-creator
  - .claude/skills/microsoft-code-reference
  - .claude/skills/microsoft-docs
  - .claude/skills/microsoft-skill-creator
  content_hash: sha256:ac58e5211f52f6cc5291beded33404207c6dafe37748e1112d91a32c3daecc2e
- repo_url: dotnet/skills
  host: github.com
  resolved_commit: ce75c355694bb358162464058081121645767d6f
  virtual_path: plugins/dotnet
  is_virtual: true
  package_type: marketplace_plugin
  deployed_files:
  - .agents/skills/setup-local-sdk
  - .claude/skills/setup-local-sdk
  content_hash: sha256:345d831fd7d49a9d9ad3587105a81606b794236997135a3a27a79e1e3754aa97
- repo_url: dotnet/skills
  host: github.com
  resolved_commit: ce75c355694bb358162464058081121645767d6f
  virtual_path: plugins/dotnet-test
  is_virtual: true
  package_type: marketplace_plugin
  deployed_files:
  - .agents/skills/assertion-quality
  - .agents/skills/code-testing-agent
  - .agents/skills/code-testing-extensions
  - .agents/skills/coverage-analysis
  - .agents/skills/crap-score
  - .agents/skills/detect-static-dependencies
  - .agents/skills/filter-syntax
  - .agents/skills/find-untested-sources
  - .agents/skills/generate-testability-wrappers
  - .agents/skills/grade-tests
  - .agents/skills/migrate-static-to-wrapper
  - .agents/skills/mtp-hot-reload
  - .agents/skills/platform-detection
  - .agents/skills/run-tests
  - .agents/skills/test-analysis-extensions
  - .agents/skills/test-anti-patterns
  - .agents/skills/test-gap-analysis
  - .agents/skills/test-smell-detection
  - .agents/skills/test-tagging
  - .agents/skills/writing-mstest-tests
  - .claude/agents/code-testing-builder.md
  - .claude/agents/code-testing-fixer.md
  - .claude/agents/code-testing-generator.md
  - .claude/agents/code-testing-implementer.md
  - .claude/agents/code-testing-linter.md
  - .claude/agents/code-testing-planner.md
  - .claude/agents/code-testing-researcher.md
  - .claude/agents/code-testing-tester.md
  - .claude/agents/test-quality-auditor.md
  - .claude/agents/testability-migration.md
  - .claude/skills/assertion-quality
  - .claude/skills/code-testing-agent
  - .claude/skills/code-testing-extensions
  - .claude/skills/coverage-analysis
  - .claude/skills/crap-score
  - .claude/skills/detect-static-dependencies
  - .claude/skills/filter-syntax
  - .claude/skills/find-untested-sources
  - .claude/skills/generate-testability-wrappers
  - .claude/skills/grade-tests
  - .claude/skills/migrate-static-to-wrapper
  - .claude/skills/mtp-hot-reload
  - .claude/skills/platform-detection
  - .claude/skills/run-tests
  - .claude/skills/test-analysis-extensions
  - .claude/skills/test-anti-patterns
  - .claude/skills/test-gap-analysis
  - .claude/skills/test-smell-detection
  - .claude/skills/test-tagging
  - .claude/skills/writing-mstest-tests
  - .github/agents/code-testing-builder.agent.md
  - .github/agents/code-testing-fixer.agent.md
  - .github/agents/code-testing-generator.agent.md
  - .github/agents/code-testing-implementer.agent.md
  - .github/agents/code-testing-linter.agent.md
  - .github/agents/code-testing-planner.agent.md
  - .github/agents/code-testing-researcher.agent.md
  - .github/agents/code-testing-tester.agent.md
  - .github/agents/test-quality-auditor.agent.md
  - .github/agents/testability-migration.agent.md
  deployed_file_hashes:
    .claude/agents/code-testing-builder.md: sha256:3e1dc3324c8f616aca021a108f968753523fabd483ca72512be3a71c0e1ec2d3
    .claude/agents/code-testing-fixer.md: sha256:b899d5e22919db1e84ba0e7c2b13e01f98fa4fe8c83af31d104835074a8a452b
    .claude/agents/code-testing-generator.md: sha256:1a2acba6ab5c827155a379823862c0b7ce079fd6b691333408107d82cda328f3
    .claude/agents/code-testing-implementer.md: sha256:b4660a8a22420fbc917af5c7d403c7b9409a1b3600588c4c427ca3edd879edf6
    .claude/agents/code-testing-linter.md: sha256:ebb74fcbd0d122b02d391f095258eb6d1a5fb6e5a182f831b9e0697504f16ca6
    .claude/agents/code-testing-planner.md: sha256:68dca9b82c85db8ed254b1b773396588f1f8b01f90827148b96e66022aa2ca8a
    .claude/agents/code-testing-researcher.md: sha256:f95b812563afe5326c04e15b7f6b2fc8bee607f60c953ea84b9e30a1b3a92229
    .claude/agents/code-testing-tester.md: sha256:641355907562e109a5a2e1ed8d7cdc8c0891bc7da576b7c1a52ee1b089611ea4
    .claude/agents/test-quality-auditor.md: sha256:180b6f070f73dd87bbbc233e7c08bb6e8a164a85c3494016ecca025df71ff312
    .claude/agents/testability-migration.md: sha256:cad6dd9a0ef2ee4a3062e33c428a8fa42e6442999f1e107b9e3c9a4a228bbfe6
    .github/agents/code-testing-builder.agent.md: sha256:3e1dc3324c8f616aca021a108f968753523fabd483ca72512be3a71c0e1ec2d3
    .github/agents/code-testing-fixer.agent.md: sha256:b899d5e22919db1e84ba0e7c2b13e01f98fa4fe8c83af31d104835074a8a452b
    .github/agents/code-testing-generator.agent.md: sha256:1a2acba6ab5c827155a379823862c0b7ce079fd6b691333408107d82cda328f3
    .github/agents/code-testing-implementer.agent.md: sha256:b4660a8a22420fbc917af5c7d403c7b9409a1b3600588c4c427ca3edd879edf6
    .github/agents/code-testing-linter.agent.md: sha256:ebb74fcbd0d122b02d391f095258eb6d1a5fb6e5a182f831b9e0697504f16ca6
    .github/agents/code-testing-planner.agent.md: sha256:68dca9b82c85db8ed254b1b773396588f1f8b01f90827148b96e66022aa2ca8a
    .github/agents/code-testing-researcher.agent.md: sha256:f95b812563afe5326c04e15b7f6b2fc8bee607f60c953ea84b9e30a1b3a92229
    .github/agents/code-testing-tester.agent.md: sha256:641355907562e109a5a2e1ed8d7cdc8c0891bc7da576b7c1a52ee1b089611ea4
    .github/agents/test-quality-auditor.agent.md: sha256:180b6f070f73dd87bbbc233e7c08bb6e8a164a85c3494016ecca025df71ff312
    .github/agents/testability-migration.agent.md: sha256:cad6dd9a0ef2ee4a3062e33c428a8fa42e6442999f1e107b9e3c9a4a228bbfe6
  content_hash: sha256:f95cb2aee3f1c288a22b1b4a4fb9ee058c01cfb2b128e3efeccf5fea93abf17f
- repo_url: github/awesome-copilot
  host: github.com
  resolved_commit: e986f49695491311df2774030ebe11efabd0fb77
  virtual_path: plugins/csharp-dotnet-development
  is_virtual: true
  package_type: marketplace_plugin
  content_hash: sha256:0706cc9d71bb2a933988feec5763eb781e2e2cc011c91c5624604cbe0503eb74
- repo_url: github/awesome-copilot
  host: github.com
  resolved_commit: e986f49695491311df2774030ebe11efabd0fb77
  virtual_path: plugins/security-best-practices
  is_virtual: true
  package_type: marketplace_plugin
  content_hash: sha256:10fd9070a58d32544b53136ea03222673f5871c88fc0472202d22f8fb5377451
- repo_url: github/awesome-copilot
  host: github.com
  resolved_commit: e986f49695491311df2774030ebe11efabd0fb77
  virtual_path: plugins/software-engineering-team
  is_virtual: true
  package_type: marketplace_plugin
  content_hash: sha256:51653d28034864eefef3819ce9a21c91848c81339a9101ae0c007360f6211ebc
- repo_url: microsoft/azure-skills
  host: github.com
  resolved_commit: 8f8c72bb9e22aee4366e07aadfd5766ef9add8f4
  virtual_path: .github/plugins/azure-skills
  is_virtual: true
  package_type: marketplace_plugin
  deployed_files:
  - .agents/skills/airunway-aks-setup
  - .agents/skills/appinsights-instrumentation
  - .agents/skills/azure-ai
  - .agents/skills/azure-aigateway
  - .agents/skills/azure-cloud-migrate
  - .agents/skills/azure-compliance
  - .agents/skills/azure-compute
  - .agents/skills/azure-cost
  - .agents/skills/azure-deploy
  - .agents/skills/azure-diagnostics
  - .agents/skills/azure-enterprise-infra-planner
  - .agents/skills/azure-hosted-copilot-sdk
  - .agents/skills/azure-kubernetes
  - .agents/skills/azure-kusto
  - .agents/skills/azure-messaging
  - .agents/skills/azure-prepare
  - .agents/skills/azure-quotas
  - .agents/skills/azure-rbac
  - .agents/skills/azure-reliability
  - .agents/skills/azure-resource-lookup
  - .agents/skills/azure-resource-visualizer
  - .agents/skills/azure-storage
  - .agents/skills/azure-upgrade
  - .agents/skills/azure-validate
  - .agents/skills/entra-agent-id
  - .agents/skills/entra-app-registration
  - .agents/skills/microsoft-foundry
  - .agents/skills/python-appservice-deploy
  - .claude/hooks/azure-skills/hooks/scripts/track-telemetry.ps1
  - .claude/hooks/azure-skills/hooks/scripts/track-telemetry.sh
  - .claude/skills/airunway-aks-setup
  - .claude/skills/appinsights-instrumentation
  - .claude/skills/azure-ai
  - .claude/skills/azure-aigateway
  - .claude/skills/azure-cloud-migrate
  - .claude/skills/azure-compliance
  - .claude/skills/azure-compute
  - .claude/skills/azure-cost
  - .claude/skills/azure-deploy
  - .claude/skills/azure-diagnostics
  - .claude/skills/azure-enterprise-infra-planner
  - .claude/skills/azure-hosted-copilot-sdk
  - .claude/skills/azure-kubernetes
  - .claude/skills/azure-kusto
  - .claude/skills/azure-messaging
  - .claude/skills/azure-prepare
  - .claude/skills/azure-quotas
  - .claude/skills/azure-rbac
  - .claude/skills/azure-reliability
  - .claude/skills/azure-resource-lookup
  - .claude/skills/azure-resource-visualizer
  - .claude/skills/azure-storage
  - .claude/skills/azure-upgrade
  - .claude/skills/azure-validate
  - .claude/skills/entra-agent-id
  - .claude/skills/entra-app-registration
  - .claude/skills/microsoft-foundry
  - .claude/skills/python-appservice-deploy
  - .github/hooks/azure-skills-hooks.json
  - .github/hooks/scripts/azure-skills/hooks/scripts/track-telemetry.ps1
  - .github/hooks/scripts/azure-skills/hooks/scripts/track-telemetry.sh
  deployed_file_hashes:
    .claude/hooks/azure-skills/hooks/scripts/track-telemetry.ps1: sha256:1917215760ab73fcaf9386036967cd9cb8b13101cf6baa75400ee10c182de56f
    .claude/hooks/azure-skills/hooks/scripts/track-telemetry.sh: sha256:a88ec0a8971aeda8ae186c1ae6ceabfae90828e90b2e1bad0d8202bd0bc12265
    .github/hooks/azure-skills-hooks.json: sha256:07b2adbd4b096cc1333da6ff59640745640dbe60580bb7fca2cce7c98cd5c6ad
    .github/hooks/scripts/azure-skills/hooks/scripts/track-telemetry.ps1: sha256:1917215760ab73fcaf9386036967cd9cb8b13101cf6baa75400ee10c182de56f
    .github/hooks/scripts/azure-skills/hooks/scripts/track-telemetry.sh: sha256:a88ec0a8971aeda8ae186c1ae6ceabfae90828e90b2e1bad0d8202bd0bc12265
  content_hash: sha256:e4bcb201a767bba9b6303bc1701ca246aae28978d2e6165253991be7925740d0
mcp_servers:
- azure
- microsoft-learn
mcp_configs:
  azure:
    name: azure
    transport: stdio
    args:
    - -y
    - '@azure/mcp@latest'
    - server
    - start
    registry: false
    command: npx
  microsoft-learn:
    name: microsoft-learn
    transport: http
    registry: false
    url: https://learn.microsoft.com/api/mcp
