lockfile_version: '1'
generated_at: '2026-07-04T21:12:08.267425+00:00'
apm_version: 0.13.0
dependencies:
- repo_url: MicrosoftDocs/mcp
  host: github.com
  resolved_commit: caa3d670bf2814171dba4f7346ece5080964021e
  package_type: marketplace_plugin
  deployed_files:
  - .agents/skills/microsoft-code-reference
  - .agents/skills/microsoft-docs
  - .agents/skills/microsoft-skill-creator
  - .claude/skills/microsoft-code-reference
  - .claude/skills/microsoft-docs
  - .claude/skills/microsoft-skill-creator
  content_hash: sha256:b1c5f8532eb580b005100a80d350e47a864b0b00f53ee48af490844e5c4689d3
- repo_url: dotnet/skills
  host: github.com
  resolved_commit: ce75c355694bb358162464058081121645767d6f
  virtual_path: plugins/dotnet
  is_virtual: true
  package_type: marketplace_plugin
  deployed_files:
  - .agents/skills/setup-local-sdk
  - .claude/skills/setup-local-sdk
  content_hash: sha256:bb4b2b43830ad2db8bb4799827a706f71b7c24b1f3f07a381278b65569ea69fe
- repo_url: dotnet/skills
  host: github.com
  resolved_commit: ce75c355694bb358162464058081121645767d6f
  virtual_path: plugins/dotnet-test
  is_virtual: true
  package_type: marketplace_plugin
  deployed_files:
  - .agents/skills/assertion-quality
  - .agents/skills/code-testing-agent
  - .agents/skills/code-testing-extensions
  - .agents/skills/coverage-analysis
  - .agents/skills/crap-score
  - .agents/skills/detect-static-dependencies
  - .agents/skills/filter-syntax
  - .agents/skills/find-untested-sources
  - .agents/skills/generate-testability-wrappers
  - .agents/skills/grade-tests
  - .agents/skills/migrate-static-to-wrapper
  - .agents/skills/mtp-hot-reload
  - .agents/skills/platform-detection
  - .agents/skills/run-tests
  - .agents/skills/test-analysis-extensions
  - .agents/skills/test-anti-patterns
  - .agents/skills/test-gap-analysis
  - .agents/skills/test-smell-detection
  - .agents/skills/test-tagging
  - .agents/skills/writing-mstest-tests
  - .claude/agents/code-testing-builder.md
  - .claude/agents/code-testing-fixer.md
  - .claude/agents/code-testing-generator.md
  - .claude/agents/code-testing-implementer.md
  - .claude/agents/code-testing-linter.md
  - .claude/agents/code-testing-planner.md
  - .claude/agents/code-testing-researcher.md
  - .claude/agents/code-testing-tester.md
  - .claude/agents/test-quality-auditor.md
  - .claude/agents/testability-migration.md
  - .claude/skills/assertion-quality
  - .claude/skills/code-testing-agent
  - .claude/skills/code-testing-extensions
  - .claude/skills/coverage-analysis
  - .claude/skills/crap-score
  - .claude/skills/detect-static-dependencies
  - .claude/skills/filter-syntax
  - .claude/skills/find-untested-sources
  - .claude/skills/generate-testability-wrappers
  - .claude/skills/grade-tests
  - .claude/skills/migrate-static-to-wrapper
  - .claude/skills/mtp-hot-reload
  - .claude/skills/platform-detection
  - .claude/skills/run-tests
  - .claude/skills/test-analysis-extensions
  - .claude/skills/test-anti-patterns
  - .claude/skills/test-gap-analysis
  - .claude/skills/test-smell-detection
  - .claude/skills/test-tagging
  - .claude/skills/writing-mstest-tests
  - .codex/agents/code-testing-builder.toml
  - .codex/agents/code-testing-fixer.toml
  - .codex/agents/code-testing-generator.toml
  - .codex/agents/code-testing-implementer.toml
  - .codex/agents/code-testing-linter.toml
  - .codex/agents/code-testing-planner.toml
  - .codex/agents/code-testing-researcher.toml
  - .codex/agents/code-testing-tester.toml
  - .codex/agents/test-quality-auditor.toml
  - .codex/agents/testability-migration.toml
  - .github/agents/code-testing-builder.agent.md
  - .github/agents/code-testing-fixer.agent.md
  - .github/agents/code-testing-generator.agent.md
  - .github/agents/code-testing-implementer.agent.md
  - .github/agents/code-testing-linter.agent.md
  - .github/agents/code-testing-planner.agent.md
  - .github/agents/code-testing-researcher.agent.md
  - .github/agents/code-testing-tester.agent.md
  - .github/agents/test-quality-auditor.agent.md
  - .github/agents/testability-migration.agent.md
  deployed_file_hashes:
    .claude/agents/code-testing-builder.md: sha256:5ab504ae6dde3cf0b15c079a0797a9e3d1c6377454df842f6805860769e88d1d
    .claude/agents/code-testing-fixer.md: sha256:64d0ebd96b9831dc88e0d5d0d10025b391869930d832fbcb9112c84fb01c20f4
    .claude/agents/code-testing-generator.md: sha256:e81832c7863398e95c01da30cd0013e5c5a15ed7744cf424a589a8e077838098
    .claude/agents/code-testing-implementer.md: sha256:a52a4e21ef63fd1cc9b116cb6df0c1a2d80de18e570ed507bb7eda32549bd74d
    .claude/agents/code-testing-linter.md: sha256:e02b72626cdfaeafdae443c708195df5cc9fbc1035056fe1ac7d81ff5778ae44
    .claude/agents/code-testing-planner.md: sha256:37674bd8274b5f67fcc5baaf4189dcfb5f1d313faff232c900d503d91829f8db
    .claude/agents/code-testing-researcher.md: sha256:1cacd8553586b55a2d99a57d59b2833e2134aa3f85fb44a513feb0f1c30654b6
    .claude/agents/code-testing-tester.md: sha256:e6c08cd57f992cb2d07a7c912fd70ea98e2b40ab0e03cb2a49f7669ca1dec873
    .claude/agents/test-quality-auditor.md: sha256:c33a6bfc7fedaeacfade09f02d14ef836b70309674fd2307b2f2d201c162362c
    .claude/agents/testability-migration.md: sha256:8a8daadf89609a49b91ebf57822997b977e09c0b286418c5a7e41f637677cb36
    .codex/agents/code-testing-builder.toml: sha256:c0a07cf60be201bb0eec99bd4e34442386492f9f98d09e35495862943a13005e
    .codex/agents/code-testing-fixer.toml: sha256:afbc0580d2f93c7c8810fcc49aef15e2d32ec332c1b436b8ec8de097ebbc5253
    .codex/agents/code-testing-generator.toml: sha256:9ec927aedbda603edf8de503a28767fac175d09e7a19415515436d5af2fa6537
    .codex/agents/code-testing-implementer.toml: sha256:78d3e4252c979c775c0a43d49e7babf2379e701ca0f86ab62b673485321cdc96
    .codex/agents/code-testing-linter.toml: sha256:4d5ab1e50107a6fad0fb659d2648a97f42190a710f60f8f0d60a2dd130bde0c4
    .codex/agents/code-testing-planner.toml: sha256:b6df460a549ab41717c1ea1a38894c5af7c23285ab34bf8b5a2cd71f25c2f8ae
    .codex/agents/code-testing-researcher.toml: sha256:9577ac138038cfdaae5dff4e5032ab4045053432387ee166e3b86577afbf7371
    .codex/agents/code-testing-tester.toml: sha256:377785791e547190a5cb56cb2cede6964ebdd7c0fe729e546e67c356441a2e89
    .codex/agents/test-quality-auditor.toml: sha256:3976764f8a8ecffa047a17e0faa91a623a4e7f58b61867aca35d9e2e40a5ef98
    .codex/agents/testability-migration.toml: sha256:67bda7771806d323ad5278924fc77d14996c51d8d7288af25de714419cec34eb
    .github/agents/code-testing-builder.agent.md: sha256:5ab504ae6dde3cf0b15c079a0797a9e3d1c6377454df842f6805860769e88d1d
    .github/agents/code-testing-fixer.agent.md: sha256:64d0ebd96b9831dc88e0d5d0d10025b391869930d832fbcb9112c84fb01c20f4
    .github/agents/code-testing-generator.agent.md: sha256:e81832c7863398e95c01da30cd0013e5c5a15ed7744cf424a589a8e077838098
    .github/agents/code-testing-implementer.agent.md: sha256:a52a4e21ef63fd1cc9b116cb6df0c1a2d80de18e570ed507bb7eda32549bd74d
    .github/agents/code-testing-linter.agent.md: sha256:e02b72626cdfaeafdae443c708195df5cc9fbc1035056fe1ac7d81ff5778ae44
    .github/agents/code-testing-planner.agent.md: sha256:37674bd8274b5f67fcc5baaf4189dcfb5f1d313faff232c900d503d91829f8db
    .github/agents/code-testing-researcher.agent.md: sha256:1cacd8553586b55a2d99a57d59b2833e2134aa3f85fb44a513feb0f1c30654b6
    .github/agents/code-testing-tester.agent.md: sha256:e6c08cd57f992cb2d07a7c912fd70ea98e2b40ab0e03cb2a49f7669ca1dec873
    .github/agents/test-quality-auditor.agent.md: sha256:c33a6bfc7fedaeacfade09f02d14ef836b70309674fd2307b2f2d201c162362c
    .github/agents/testability-migration.agent.md: sha256:8a8daadf89609a49b91ebf57822997b977e09c0b286418c5a7e41f637677cb36
  content_hash: sha256:71677574ed3fe0dbe9a482916400999c60cd2f1409c210dbbbfa0ba7c9d627e5
- repo_url: github/awesome-copilot
  host: github.com
  resolved_commit: e986f49695491311df2774030ebe11efabd0fb77
  virtual_path: plugins/csharp-dotnet-development
  is_virtual: true
  package_type: marketplace_plugin
  content_hash: sha256:82412bb15dd52b5d44071d53531cd9acad203b0f9ef5ea01d4555a4f431e63e2
- repo_url: github/awesome-copilot
  host: github.com
  resolved_commit: e986f49695491311df2774030ebe11efabd0fb77
  virtual_path: plugins/security-best-practices
  is_virtual: true
  package_type: marketplace_plugin
  content_hash: sha256:a3112b4e270a51452f30326bedbcc0a30fb9cecd2beff72c5018e7a582616030
- repo_url: github/awesome-copilot
  host: github.com
  resolved_commit: e986f49695491311df2774030ebe11efabd0fb77
  virtual_path: plugins/software-engineering-team
  is_virtual: true
  package_type: marketplace_plugin
  content_hash: sha256:0ce23447de9804da0638cf5e26a5477e0da3a0fdb5443cc9dd1adc21d49fd637
- repo_url: microsoft/azure-skills
  host: github.com
  resolved_commit: 8f8c72bb9e22aee4366e07aadfd5766ef9add8f4
  virtual_path: .github/plugins/azure-skills
  is_virtual: true
  package_type: marketplace_plugin
  deployed_files:
  - .agents/skills/airunway-aks-setup
  - .agents/skills/appinsights-instrumentation
  - .agents/skills/azure-ai
  - .agents/skills/azure-aigateway
  - .agents/skills/azure-cloud-migrate
  - .agents/skills/azure-compliance
  - .agents/skills/azure-compute
  - .agents/skills/azure-cost
  - .agents/skills/azure-deploy
  - .agents/skills/azure-diagnostics
  - .agents/skills/azure-enterprise-infra-planner
  - .agents/skills/azure-hosted-copilot-sdk
  - .agents/skills/azure-kubernetes
  - .agents/skills/azure-kusto
  - .agents/skills/azure-messaging
  - .agents/skills/azure-prepare
  - .agents/skills/azure-quotas
  - .agents/skills/azure-rbac
  - .agents/skills/azure-reliability
  - .agents/skills/azure-resource-lookup
  - .agents/skills/azure-resource-visualizer
  - .agents/skills/azure-storage
  - .agents/skills/azure-upgrade
  - .agents/skills/azure-validate
  - .agents/skills/entra-agent-id
  - .agents/skills/entra-app-registration
  - .agents/skills/microsoft-foundry
  - .agents/skills/python-appservice-deploy
  - .claude/hooks/azure-skills/hooks/scripts/track-telemetry.ps1
  - .claude/hooks/azure-skills/hooks/scripts/track-telemetry.sh
  - .claude/skills/airunway-aks-setup
  - .claude/skills/appinsights-instrumentation
  - .claude/skills/azure-ai
  - .claude/skills/azure-aigateway
  - .claude/skills/azure-cloud-migrate
  - .claude/skills/azure-compliance
  - .claude/skills/azure-compute
  - .claude/skills/azure-cost
  - .claude/skills/azure-deploy
  - .claude/skills/azure-diagnostics
  - .claude/skills/azure-enterprise-infra-planner
  - .claude/skills/azure-hosted-copilot-sdk
  - .claude/skills/azure-kubernetes
  - .claude/skills/azure-kusto
  - .claude/skills/azure-messaging
  - .claude/skills/azure-prepare
  - .claude/skills/azure-quotas
  - .claude/skills/azure-rbac
  - .claude/skills/azure-reliability
  - .claude/skills/azure-resource-lookup
  - .claude/skills/azure-resource-visualizer
  - .claude/skills/azure-storage
  - .claude/skills/azure-upgrade
  - .claude/skills/azure-validate
  - .claude/skills/entra-agent-id
  - .claude/skills/entra-app-registration
  - .claude/skills/microsoft-foundry
  - .claude/skills/python-appservice-deploy
  - .codex/hooks/azure-skills/hooks/scripts/track-telemetry.ps1
  - .codex/hooks/azure-skills/hooks/scripts/track-telemetry.sh
  - .github/hooks/azure-skills-hooks.json
  - .github/hooks/azure-skills-hooks.json
  - .github/hooks/scripts/azure-skills/hooks/scripts/track-telemetry.ps1
  - .github/hooks/scripts/azure-skills/hooks/scripts/track-telemetry.sh
  deployed_file_hashes:
    .claude/hooks/azure-skills/hooks/scripts/track-telemetry.ps1: sha256:1917215760ab73fcaf9386036967cd9cb8b13101cf6baa75400ee10c182de56f
    .claude/hooks/azure-skills/hooks/scripts/track-telemetry.sh: sha256:a88ec0a8971aeda8ae186c1ae6ceabfae90828e90b2e1bad0d8202bd0bc12265
    .codex/hooks/azure-skills/hooks/scripts/track-telemetry.ps1: sha256:1917215760ab73fcaf9386036967cd9cb8b13101cf6baa75400ee10c182de56f
    .codex/hooks/azure-skills/hooks/scripts/track-telemetry.sh: sha256:a88ec0a8971aeda8ae186c1ae6ceabfae90828e90b2e1bad0d8202bd0bc12265
    .github/hooks/azure-skills-hooks.json: sha256:5d4b75dc4779acdc5a8feca23097a72ff0ef40ecd22ff34dc0eed8f7f237a833
    .github/hooks/scripts/azure-skills/hooks/scripts/track-telemetry.ps1: sha256:1917215760ab73fcaf9386036967cd9cb8b13101cf6baa75400ee10c182de56f
    .github/hooks/scripts/azure-skills/hooks/scripts/track-telemetry.sh: sha256:a88ec0a8971aeda8ae186c1ae6ceabfae90828e90b2e1bad0d8202bd0bc12265
  content_hash: sha256:e39e4527e60d1e582e88006f6bb8a6dcb9c8be142ef91f937677459e5dbc0d49
mcp_servers:
- azure
- microsoft-learn
mcp_configs:
  azure:
    name: azure
    transport: stdio
    args:
    - -y
    - '@azure/mcp@latest'
    - server
    - start
    registry: false
    command: npx
  microsoft-learn:
    name: microsoft-learn
    transport: http
    registry: false
    url: https://learn.microsoft.com/api/mcp
